
Microsoft Visual Studio Solution File, Format Version 12.00
# Visual Studio Version 16
VisualStudioVersion = 16.0.29519.87
MinimumVisualStudioVersion = 10.0.40219.1
Project("{FAE04EC0-301F-11D3-BF4B-00C04F79EFBC}") = "APITester", "APITester\APITester.csproj", "{380B8AFB-C731-423C-A042-1BB1C8AFA233}"
EndProject
Global
	GlobalSection(SolutionConfigurationPlatforms) = preSolution
		Debug|Any CPU = Debug|Any CPU
		Release|Any CPU = Release|Any CPU
	EndGlobalSection
	GlobalSection(ProjectConfigurationPlatforms) = postSolution
		{380B8AFB-C731-423C-A042-1BB1C8AFA233}.Debug|Any CPU.ActiveCfg = Debug|Any CPU
		{380B8AFB-C731-423C-A042-1BB1C8AFA233}.Debug|Any CPU.Build.0 = Debug|Any CPU
		{380B8AFB-C731-423C-A042-1BB1C8AFA233}.Release|Any CPU.ActiveCfg = Release|Any CPU
		{380B8AFB-C731-423C-A042-1BB1C8AFA233}.Release|Any CPU.Build.0 = Release|Any CPU
	EndGlobalSection
	GlobalSection(SolutionProperties) = preSolution
		HideSolutionNode = FALSE
	EndGlobalSection
	GlobalSection(ExtensibilityGlobals) = postSolution
		SolutionGuid = {E10EE679-08EB-46FA-AB6A-255A53908BC2}
	EndGlobalSection
EndGlobal
