
Microsoft Visual Studio Solution File, Format Version 12.00
# Visual Studio Version 16
VisualStudioVersion = 16.0.31605.320
MinimumVisualStudioVersion = 10.0.40219.1
Project("{FAE04EC0-301F-11D3-BF4B-00C04F79EFBC}") = "SelfHostedInstallScriptGenerator", "SelfHostedInstallScriptGenerator\SelfHostedInstallScriptGenerator.csproj", "{682A7C04-C2DA-4BEB-884B-4B6FD552AF5F}"
EndProject
Global
	GlobalSection(SolutionConfigurationPlatforms) = preSolution
		Debug|Any CPU = Debug|Any CPU
		Release|Any CPU = Release|Any CPU
	EndGlobalSection
	GlobalSection(ProjectConfigurationPlatforms) = postSolution
		{682A7C04-C2DA-4BEB-884B-4B6FD552AF5F}.Debug|Any CPU.ActiveCfg = Debug|Any CPU
		{682A7C04-C2DA-4BEB-884B-4B6FD552AF5F}.Debug|Any CPU.Build.0 = Debug|Any CPU
		{682A7C04-C2DA-4BEB-884B-4B6FD552AF5F}.Release|Any CPU.ActiveCfg = Release|Any CPU
		{682A7C04-C2DA-4BEB-884B-4B6FD552AF5F}.Release|Any CPU.Build.0 = Release|Any CPU
	EndGlobalSection
	GlobalSection(SolutionProperties) = preSolution
		HideSolutionNode = FALSE
	EndGlobalSection
	GlobalSection(ExtensibilityGlobals) = postSolution
		SolutionGuid = {9BA82FBA-858B-4F07-A213-B20A7972117B}
	EndGlobalSection
EndGlobal
